
Microsoft Visual Studio Solution File, Format Version 12.00
# Visual Studio Version 16
VisualStudioVersion = 16.0.30907.101
MinimumVisualStudioVersion = 10.0.40219.1
Project("{FAE04EC0-301F-11D3-BF4B-00C04F79EFBC}") = "QuickPalette", "QuickPalette.csproj", "{27C75313-B38F-43BE-AA47-689DC83F299D}"
EndProject
Global
	GlobalSection(SolutionConfigurationPlatforms) = preSolution
		Debug|Any CPU = Debug|Any CPU
		Release|Any CPU = Release|Any CPU
	EndGlobalSection
	GlobalSection(ProjectConfigurationPlatforms) = postSolution
		{27C75313-B38F-43BE-AA47-689DC83F299D}.Debug|Any CPU.ActiveCfg = Debug|Any CPU
		{27C75313-B38F-43BE-AA47-689DC83F299D}.Debug|Any CPU.Build.0 = Debug|Any CPU
		{27C75313-B38F-43BE-AA47-689DC83F299D}.Release|Any CPU.ActiveCfg = Release|Any CPU
		{27C75313-B38F-43BE-AA47-689DC83F299D}.Release|Any CPU.Build.0 = Release|Any CPU
	EndGlobalSection
	GlobalSection(SolutionProperties) = preSolution
		HideSolutionNode = FALSE
	EndGlobalSection
	GlobalSection(ExtensibilityGlobals) = postSolution
		SolutionGuid = {EC7335CC-37C7-479D-BD37-E0B12746A5A1}
	EndGlobalSection
EndGlobal
